
Microsoft Visual Studio Solution File, Format Version 12.00
# Visual Studio Version 17
VisualStudioVersion = 17.0.31903.59
MinimumVisualStudioVersion = 10.0.40219.1
Project("{2150E333-8FDC-42A3-9474-1A3956D46DE8}") = "src", "src", "{5BE7D427-362F-4E3F-A75C-867980AFB823}"
EndProject
Project("{FAE04EC0-301F-11D3-BF4B-00C04F79EFBC}") = "Dyncamelo.Core", "src\Dyncamelo.Core\Dyncamelo.Core.csproj", "{2893E98F-746B-4E50-BA1B-F0B26C5DE523}"
EndProject
Project("{2150E333-8FDC-42A3-9474-1A3956D46DE8}") = "tests", "tests", "{125CD392-4D68-433A-A8F5-E9883851E26E}"
EndProject
Project("{FAE04EC0-301F-11D3-BF4B-00C04F79EFBC}") = "Dyncamelo.Core.Tests", "tests\Dyncamelo.Core.Tests\Dyncamelo.Core.Tests.csproj", "{E2D1746B-E889-46F0-B028-45C6148879E1}"
EndProject
Project("{FAE04EC0-301F-11D3-BF4B-00C04F79EFBC}") = "Dyncamelo.Nodes", "src\Dyncamelo.Nodes\Dyncamelo.Nodes.csproj", "{F1E065BA-B0DC-4DF6-B6F7-9E81A9729E6B}"
EndProject
Project("{FAE04EC0-301F-11D3-BF4B-00C04F79EFBC}") = "Dyncamelo.Navisworks", "src\Dyncamelo.Navisworks\Dyncamelo.Navisworks.csproj", "{3F4A9699-93F8-46B0-B498-CA436B9CAAD0}"
EndProject
Project("{FAE04EC0-301F-11D3-BF4B-00C04F79EFBC}") = "Dyncamelo.UI", "src\Dyncamelo.UI\Dyncamelo.UI.csproj", "{92612EA7-8A0E-429D-BBF5-958265F09A5A}"
EndProject
Project("{FAE04EC0-301F-11D3-BF4B-00C04F79EFBC}") = "Dyncamelo.App", "src\Dyncamelo.App\Dyncamelo.App.csproj", "{C7DD9523-3E52-4E46-9398-09CE6A722E1C}"
EndProject
Project("{FAE04EC0-301F-11D3-BF4B-00C04F79EFBC}") = "Dyncamelo.Nodes.Tests", "tests\Dyncamelo.Nodes.Tests\Dyncamelo.Nodes.Tests.csproj", "{2E93508B-2324-45C6-8E4E-BB37AF47E169}"
EndProject
Global
	GlobalSection(SolutionConfigurationPlatforms) = preSolution
		Debug|Any CPU = Debug|Any CPU
		Release|Any CPU = Release|Any CPU
	EndGlobalSection
	GlobalSection(SolutionProperties) = preSolution
		HideSolutionNode = FALSE
	EndGlobalSection
	GlobalSection(ProjectConfigurationPlatforms) = postSolution
		{2893E98F-746B-4E50-BA1B-F0B26C5DE523}.Debug|Any CPU.ActiveCfg = Debug|Any CPU
		{2893E98F-746B-4E50-BA1B-F0B26C5DE523}.Debug|Any CPU.Build.0 = Debug|Any CPU
		{2893E98F-746B-4E50-BA1B-F0B26C5DE523}.Release|Any CPU.ActiveCfg = Release|Any CPU
		{2893E98F-746B-4E50-BA1B-F0B26C5DE523}.Release|Any CPU.Build.0 = Release|Any CPU
		{E2D1746B-E889-46F0-B028-45C6148879E1}.Debug|Any CPU.ActiveCfg = Debug|Any CPU
		{E2D1746B-E889-46F0-B028-45C6148879E1}.Debug|Any CPU.Build.0 = Debug|Any CPU
		{E2D1746B-E889-46F0-B028-45C6148879E1}.Release|Any CPU.ActiveCfg = Release|Any CPU
		{E2D1746B-E889-46F0-B028-45C6148879E1}.Release|Any CPU.Build.0 = Release|Any CPU
		{F1E065BA-B0DC-4DF6-B6F7-9E81A9729E6B}.Debug|Any CPU.ActiveCfg = Debug|Any CPU
		{F1E065BA-B0DC-4DF6-B6F7-9E81A9729E6B}.Debug|Any CPU.Build.0 = Debug|Any CPU
		{F1E065BA-B0DC-4DF6-B6F7-9E81A9729E6B}.Release|Any CPU.ActiveCfg = Release|Any CPU
		{F1E065BA-B0DC-4DF6-B6F7-9E81A9729E6B}.Release|Any CPU.Build.0 = Release|Any CPU
		{3F4A9699-93F8-46B0-B498-CA436B9CAAD0}.Debug|Any CPU.ActiveCfg = Debug|Any CPU
		{3F4A9699-93F8-46B0-B498-CA436B9CAAD0}.Debug|Any CPU.Build.0 = Debug|Any CPU
		{3F4A9699-93F8-46B0-B498-CA436B9CAAD0}.Release|Any CPU.ActiveCfg = Release|Any CPU
		{3F4A9699-93F8-46B0-B498-CA436B9CAAD0}.Release|Any CPU.Build.0 = Release|Any CPU
		{92612EA7-8A0E-429D-BBF5-958265F09A5A}.Debug|Any CPU.ActiveCfg = Debug|Any CPU
		{92612EA7-8A0E-429D-BBF5-958265F09A5A}.Debug|Any CPU.Build.0 = Debug|Any CPU
		{92612EA7-8A0E-429D-BBF5-958265F09A5A}.Release|Any CPU.ActiveCfg = Release|Any CPU
		{92612EA7-8A0E-429D-BBF5-958265F09A5A}.Release|Any CPU.Build.0 = Release|Any CPU
		{C7DD9523-3E52-4E46-9398-09CE6A722E1C}.Debug|Any CPU.ActiveCfg = Debug|Any CPU
		{C7DD9523-3E52-4E46-9398-09CE6A722E1C}.Debug|Any CPU.Build.0 = Debug|Any CPU
		{C7DD9523-3E52-4E46-9398-09CE6A722E1C}.Release|Any CPU.ActiveCfg = Release|Any CPU
		{C7DD9523-3E52-4E46-9398-09CE6A722E1C}.Release|Any CPU.Build.0 = Release|Any CPU
		{2E93508B-2324-45C6-8E4E-BB37AF47E169}.Debug|Any CPU.ActiveCfg = Debug|Any CPU
		{2E93508B-2324-45C6-8E4E-BB37AF47E169}.Debug|Any CPU.Build.0 = Debug|Any CPU
		{2E93508B-2324-45C6-8E4E-BB37AF47E169}.Release|Any CPU.ActiveCfg = Release|Any CPU
		{2E93508B-2324-45C6-8E4E-BB37AF47E169}.Release|Any CPU.Build.0 = Release|Any CPU
	EndGlobalSection
	GlobalSection(NestedProjects) = preSolution
		{2893E98F-746B-4E50-BA1B-F0B26C5DE523} = {5BE7D427-362F-4E3F-A75C-867980AFB823}
		{E2D1746B-E889-46F0-B028-45C6148879E1} = {125CD392-4D68-433A-A8F5-E9883851E26E}
		{F1E065BA-B0DC-4DF6-B6F7-9E81A9729E6B} = {5BE7D427-362F-4E3F-A75C-867980AFB823}
		{3F4A9699-93F8-46B0-B498-CA436B9CAAD0} = {5BE7D427-362F-4E3F-A75C-867980AFB823}
		{92612EA7-8A0E-429D-BBF5-958265F09A5A} = {5BE7D427-362F-4E3F-A75C-867980AFB823}
		{C7DD9523-3E52-4E46-9398-09CE6A722E1C} = {5BE7D427-362F-4E3F-A75C-867980AFB823}
		{2E93508B-2324-45C6-8E4E-BB37AF47E169} = {125CD392-4D68-433A-A8F5-E9883851E26E}
	EndGlobalSection
EndGlobal
